
Microsoft Visual Studio Solution File, Format Version 12.00
# Visual Studio 15
VisualStudioVersion = 15.0.28307.645
MinimumVisualStudioVersion = 10.0.40219.1
Project("{FAE04EC0-301F-11D3-BF4B-00C04F79EFBC}") = "IVS_Calculator", "IVS_Calculator\IVS_Calculator.csproj", "{705C98EA-99BB-4229-9D8B-697830072D03}"
EndProject
Global
	GlobalSection(SolutionConfigurationPlatforms) = preSolution
		Debug|Any CPU = Debug|Any CPU
		Release|Any CPU = Release|Any CPU
	EndGlobalSection
	GlobalSection(ProjectConfigurationPlatforms) = postSolution
		{705C98EA-99BB-4229-9D8B-697830072D03}.Debug|Any CPU.ActiveCfg = Debug|Any CPU
		{705C98EA-99BB-4229-9D8B-697830072D03}.Debug|Any CPU.Build.0 = Debug|Any CPU
		{705C98EA-99BB-4229-9D8B-697830072D03}.Release|Any CPU.ActiveCfg = Release|Any CPU
		{705C98EA-99BB-4229-9D8B-697830072D03}.Release|Any CPU.Build.0 = Release|Any CPU
	EndGlobalSection
	GlobalSection(SolutionProperties) = preSolution
		HideSolutionNode = FALSE
	EndGlobalSection
	GlobalSection(ExtensibilityGlobals) = postSolution
		SolutionGuid = {6DE0AA2E-DF6E-4B43-A5D1-5C823EF6348B}
	EndGlobalSection
EndGlobal
