
Microsoft Visual Studio Solution File, Format Version 12.00
# Visual Studio Version 16
VisualStudioVersion = 16.0.29806.167
MinimumVisualStudioVersion = 10.0.40219.1
Project("{FAE04EC0-301F-11D3-BF4B-00C04F79EFBC}") = "IVS_Calculator", "IVS_Calculator\IVS_Calculator.csproj", "{705C98EA-99BB-4229-9D8B-697830072D03}"
EndProject
Project("{9A19103F-16F7-4668-BE54-9A1E7A4F7556}") = "P_Math", "P_Math\P_Math.csproj", "{6302B38A-ABAE-402A-9571-6654DB8D9993}"
EndProject
Project("{9A19103F-16F7-4668-BE54-9A1E7A4F7556}") = "P_Math_Tests", "P_Math_Tests\P_Math_Tests.csproj", "{38681F05-6F10-4FDC-96C3-B231B4EC9983}"
EndProject
Project("{FAE04EC0-301F-11D3-BF4B-00C04F79EFBC}") = "Profiling", "Profiling\Profiling.csproj", "{FDCCAC1C-091B-4A03-86D0-9384BE607E7A}"
EndProject
Project("{54435603-DBB4-11D2-8724-00A0C9A8B90C}") = "installer", "installer\installer.vdproj", "{67C8B7A3-EAF3-422B-8F57-C111FA3C6C5B}"
EndProject
Global
	GlobalSection(SolutionConfigurationPlatforms) = preSolution
		Debug|Any CPU = Debug|Any CPU
		Debug|x64 = Debug|x64
		Debug|x86 = Debug|x86
		Release|Any CPU = Release|Any CPU
		Release|x64 = Release|x64
		Release|x86 = Release|x86
	EndGlobalSection
	GlobalSection(ProjectConfigurationPlatforms) = postSolution
		{705C98EA-99BB-4229-9D8B-697830072D03}.Debug|Any CPU.ActiveCfg = Debug|Any CPU
		{705C98EA-99BB-4229-9D8B-697830072D03}.Debug|Any CPU.Build.0 = Debug|Any CPU
		{705C98EA-99BB-4229-9D8B-697830072D03}.Debug|x64.ActiveCfg = Debug|Any CPU
		{705C98EA-99BB-4229-9D8B-697830072D03}.Debug|x64.Build.0 = Debug|Any CPU
		{705C98EA-99BB-4229-9D8B-697830072D03}.Debug|x86.ActiveCfg = Debug|Any CPU
		{705C98EA-99BB-4229-9D8B-697830072D03}.Debug|x86.Build.0 = Debug|Any CPU
		{705C98EA-99BB-4229-9D8B-697830072D03}.Release|Any CPU.ActiveCfg = Release|Any CPU
		{705C98EA-99BB-4229-9D8B-697830072D03}.Release|Any CPU.Build.0 = Release|Any CPU
		{705C98EA-99BB-4229-9D8B-697830072D03}.Release|x64.ActiveCfg = Release|Any CPU
		{705C98EA-99BB-4229-9D8B-697830072D03}.Release|x64.Build.0 = Release|Any CPU
		{705C98EA-99BB-4229-9D8B-697830072D03}.Release|x86.ActiveCfg = Release|Any CPU
		{705C98EA-99BB-4229-9D8B-697830072D03}.Release|x86.Build.0 = Release|Any CPU
		{6302B38A-ABAE-402A-9571-6654DB8D9993}.Debug|Any CPU.ActiveCfg = Debug|Any CPU
		{6302B38A-ABAE-402A-9571-6654DB8D9993}.Debug|Any CPU.Build.0 = Debug|Any CPU
		{6302B38A-ABAE-402A-9571-6654DB8D9993}.Debug|x64.ActiveCfg = Debug|Any CPU
		{6302B38A-ABAE-402A-9571-6654DB8D9993}.Debug|x64.Build.0 = Debug|Any CPU
		{6302B38A-ABAE-402A-9571-6654DB8D9993}.Debug|x86.ActiveCfg = Debug|Any CPU
		{6302B38A-ABAE-402A-9571-6654DB8D9993}.Debug|x86.Build.0 = Debug|Any CPU
		{6302B38A-ABAE-402A-9571-6654DB8D9993}.Release|Any CPU.ActiveCfg = Release|Any CPU
		{6302B38A-ABAE-402A-9571-6654DB8D9993}.Release|Any CPU.Build.0 = Release|Any CPU
		{6302B38A-ABAE-402A-9571-6654DB8D9993}.Release|x64.ActiveCfg = Release|Any CPU
		{6302B38A-ABAE-402A-9571-6654DB8D9993}.Release|x64.Build.0 = Release|Any CPU
		{6302B38A-ABAE-402A-9571-6654DB8D9993}.Release|x86.ActiveCfg = Release|Any CPU
		{6302B38A-ABAE-402A-9571-6654DB8D9993}.Release|x86.Build.0 = Release|Any CPU
		{38681F05-6F10-4FDC-96C3-B231B4EC9983}.Debug|Any CPU.ActiveCfg = Debug|Any CPU
		{38681F05-6F10-4FDC-96C3-B231B4EC9983}.Debug|Any CPU.Build.0 = Debug|Any CPU
		{38681F05-6F10-4FDC-96C3-B231B4EC9983}.Debug|x64.ActiveCfg = Debug|Any CPU
		{38681F05-6F10-4FDC-96C3-B231B4EC9983}.Debug|x64.Build.0 = Debug|Any CPU
		{38681F05-6F10-4FDC-96C3-B231B4EC9983}.Debug|x86.ActiveCfg = Debug|Any CPU
		{38681F05-6F10-4FDC-96C3-B231B4EC9983}.Debug|x86.Build.0 = Debug|Any CPU
		{38681F05-6F10-4FDC-96C3-B231B4EC9983}.Release|Any CPU.ActiveCfg = Release|Any CPU
		{38681F05-6F10-4FDC-96C3-B231B4EC9983}.Release|Any CPU.Build.0 = Release|Any CPU
		{38681F05-6F10-4FDC-96C3-B231B4EC9983}.Release|x64.ActiveCfg = Release|Any CPU
		{38681F05-6F10-4FDC-96C3-B231B4EC9983}.Release|x64.Build.0 = Release|Any CPU
		{38681F05-6F10-4FDC-96C3-B231B4EC9983}.Release|x86.ActiveCfg = Release|Any CPU
		{38681F05-6F10-4FDC-96C3-B231B4EC9983}.Release|x86.Build.0 = Release|Any CPU
		{FDCCAC1C-091B-4A03-86D0-9384BE607E7A}.Debug|Any CPU.ActiveCfg = Debug|Any CPU
		{FDCCAC1C-091B-4A03-86D0-9384BE607E7A}.Debug|Any CPU.Build.0 = Debug|Any CPU
		{FDCCAC1C-091B-4A03-86D0-9384BE607E7A}.Debug|x64.ActiveCfg = Debug|Any CPU
		{FDCCAC1C-091B-4A03-86D0-9384BE607E7A}.Debug|x64.Build.0 = Debug|Any CPU
		{FDCCAC1C-091B-4A03-86D0-9384BE607E7A}.Debug|x86.ActiveCfg = Debug|Any CPU
		{FDCCAC1C-091B-4A03-86D0-9384BE607E7A}.Debug|x86.Build.0 = Debug|Any CPU
		{FDCCAC1C-091B-4A03-86D0-9384BE607E7A}.Release|Any CPU.ActiveCfg = Release|Any CPU
		{FDCCAC1C-091B-4A03-86D0-9384BE607E7A}.Release|Any CPU.Build.0 = Release|Any CPU
		{FDCCAC1C-091B-4A03-86D0-9384BE607E7A}.Release|x64.ActiveCfg = Release|Any CPU
		{FDCCAC1C-091B-4A03-86D0-9384BE607E7A}.Release|x64.Build.0 = Release|Any CPU
		{FDCCAC1C-091B-4A03-86D0-9384BE607E7A}.Release|x86.ActiveCfg = Release|Any CPU
		{FDCCAC1C-091B-4A03-86D0-9384BE607E7A}.Release|x86.Build.0 = Release|Any CPU
		{67C8B7A3-EAF3-422B-8F57-C111FA3C6C5B}.Debug|Any CPU.ActiveCfg = Debug
		{67C8B7A3-EAF3-422B-8F57-C111FA3C6C5B}.Debug|x64.ActiveCfg = Debug
		{67C8B7A3-EAF3-422B-8F57-C111FA3C6C5B}.Debug|x86.ActiveCfg = Debug
		{67C8B7A3-EAF3-422B-8F57-C111FA3C6C5B}.Release|Any CPU.ActiveCfg = Release
		{67C8B7A3-EAF3-422B-8F57-C111FA3C6C5B}.Release|x64.ActiveCfg = Release
		{67C8B7A3-EAF3-422B-8F57-C111FA3C6C5B}.Release|x86.ActiveCfg = Release
	EndGlobalSection
	GlobalSection(SolutionProperties) = preSolution
		HideSolutionNode = FALSE
	EndGlobalSection
	GlobalSection(ExtensibilityGlobals) = postSolution
		SolutionGuid = {6DE0AA2E-DF6E-4B43-A5D1-5C823EF6348B}
	EndGlobalSection
EndGlobal
